{
  "name": "medicine-wheel-fire-keeper",
  "version": "0.2.1",
  "lockfileVersion": 3,
  "requires": true,
  "packages": {
    "": {
      "name": "medicine-wheel-fire-keeper",
      "version": "0.2.1",
      "license": "MIT",
      "dependencies": {
        "medicine-wheel-ceremony-protocol": "^0.1.3",
        "medicine-wheel-ontology-core": "^0.1.3"
      },
      "devDependencies": {
        "typescript": "^5.4.0"
      }
    },
    "node_modules/medicine-wheel-ceremony-protocol": {
      "version": "0.1.3",
      "resolved": "https://registry.npmjs.org/medicine-wheel-ceremony-protocol/-/medicine-wheel-ceremony-protocol-0.1.3.tgz",
      "integrity": "sha512-H6VTk+ni4UU5wHkvQqlvALeS2VoMlkQdg6paUJ90VfNEVR3MX/ET6lWEWjC0NM9LLSwOeSSEoaEXikhZpJe7dw==",
      "license": "MIT",
      "dependencies": {
        "medicine-wheel-ontology-core": "^0.1.3"
      }
    },
    "node_modules/medicine-wheel-ontology-core": {
      "version": "0.1.4",
      "resolved": "https://registry.npmjs.org/medicine-wheel-ontology-core/-/medicine-wheel-ontology-core-0.1.4.tgz",
      "integrity": "sha512-rv9Z38FvF4hDWZSOfH9rQIswa1AngpcyX9esC/oCGNtixsLdkPg+JCRxlm2nbBdnYoLg2QE54g65ipwO2UL0EQ==",
      "license": "MIT",
      "dependencies": {
        "zod": "^3.23.0"
      }
    },
    "node_modules/typescript": {
      "version": "5.9.3",
      "resolved": "https://registry.npmjs.org/typescript/-/typescript-5.9.3.tgz",
      "integrity": "sha512-jl1vZzPDinLr9eUt3J/t7V6FgNEw9QjvBPdysz9KfQDD41fQrC2Y4vKQdiaUpFT4bXlb1RHhLpp8wtm6M5TgSw==",
      "dev": true,
      "license": "Apache-2.0",
      "bin": {
        "tsc": "bin/tsc",
        "tsserver": "bin/tsserver"
      },
      "engines": {
        "node": ">=14.17"
      }
    },
    "node_modules/zod": {
      "version": "3.25.76",
      "resolved": "https://registry.npmjs.org/zod/-/zod-3.25.76.tgz",
      "integrity": "sha512-gzUt/qt81nXsFGKIFcC3YnfEAx5NkunCfnDlvuBSSFS02bcXu4Lmea0AFIUwbLWxWPx3d9p8S5QoaujKcNQxcQ==",
      "license": "MIT",
      "funding": {
        "url": "https://github.com/sponsors/colinhacks"
      }
    }
  }
}
